{
  "requires": true,
  "lockfileVersion": 1,
  "dependencies": {
    "convert-csv-to-array": {
      "version": "1.0.3",
      "resolved": "https://registry.npmjs.org/convert-csv-to-array/-/convert-csv-to-array-1.0.3.tgz",
      "integrity": "sha512-F2o7RgfkegFwbxJN+mryqPPJHQaUzRej5JU3dzaXMPk7hVJKnsHu/Mm/y8rku/oflNyEILAbOKe8FcEAQkpxwg==",
      "requires": {
        "convert-string-to-number": "^1.0.3"
      }
    },
    "convert-string-to-number": {
      "version": "1.0.3",
      "resolved": "https://registry.npmjs.org/convert-string-to-number/-/convert-string-to-number-1.0.3.tgz",
      "integrity": "sha512-ZvP2/ob7UvvC6s7euMDU2JXYz1dTdBXS8QvOgCPOiGHHYNsKcJ/WZUui3wL0vngXRfM7/3QSFF2PZWlPjgKeUA=="
    }
  }
}
